
Microsoft Visual Studio Solution File, Format Version 12.00
# Visual Studio Version 17
VisualStudioVersion = 17.11.35312.102
MinimumVisualStudioVersion = 10.0.40219.1
Project("{FAE04EC0-301F-11D3-BF4B-00C04F79EFBC}") = "tugas praktikum 2", "tugas praktikum 2\tugas praktikum 2.csproj", "{1ED49B60-5988-4724-BECC-006D931AE8A2}"
EndProject
Global
	GlobalSection(SolutionConfigurationPlatforms) = preSolution
		Debug|Any CPU = Debug|Any CPU
		Release|Any CPU = Release|Any CPU
	EndGlobalSection
	GlobalSection(ProjectConfigurationPlatforms) = postSolution
		{1ED49B60-5988-4724-BECC-006D931AE8A2}.Debug|Any CPU.ActiveCfg = Debug|Any CPU
		{1ED49B60-5988-4724-BECC-006D931AE8A2}.Debug|Any CPU.Build.0 = Debug|Any CPU
		{1ED49B60-5988-4724-BECC-006D931AE8A2}.Release|Any CPU.ActiveCfg = Release|Any CPU
		{1ED49B60-5988-4724-BECC-006D931AE8A2}.Release|Any CPU.Build.0 = Release|Any CPU
	EndGlobalSection
	GlobalSection(SolutionProperties) = preSolution
		HideSolutionNode = FALSE
	EndGlobalSection
	GlobalSection(ExtensibilityGlobals) = postSolution
		SolutionGuid = {B0D1B6C5-6EC9-4A2D-8398-90DA14FD9B73}
	EndGlobalSection
EndGlobal
